// !$*UTF8*$!
{
	archiveVersion = 1;
	classes = {
	};
	objectVersion = 56;
	objects = {

/* Begin PBXBuildFile section */
		6C17AE9829E96C74003EF149 /* LocationArea.swift in Sources */ = {isa = PBXBuildFile; fileRef = 6C17AE9729E96C74003EF149 /* LocationArea.swift */; };
		6C17AE9A29E97AC9003EF149 /* RoundedRectTabView.swift in Sources */ = {isa = PBXBuildFile; fileRef = 6C17AE9929E97AC9003EF149 /* RoundedRectTabView.swift */; };
		6C4FD92029E9A50500C48C7C /* TabView.swift in Sources */ = {isa = PBXBuildFile; fileRef = 6C4FD91F29E9A50500C48C7C /* TabView.swift */; };
		6C4FD92229E9AF8600C48C7C /* SlidingImagesView.swift in Sources */ = {isa = PBXBuildFile; fileRef = 6C4FD92129E9AF8600C48C7C /* SlidingImagesView.swift */; };
		6C4FD92429E9B44000C48C7C /* DiscoverImagesView.swift in Sources */ = {isa = PBXBuildFile; fileRef = 6C4FD92329E9B44000C48C7C /* DiscoverImagesView.swift */; };
		6C67651429E95CC900573FAA /* MainHeaderView.swift in Sources */ = {isa = PBXBuildFile; fileRef = 6C67651329E95CC900573FAA /* MainHeaderView.swift */; };
		6C67651629E95D0500573FAA /* SearchSuggestView.swift in Sources */ = {isa = PBXBuildFile; fileRef = 6C67651529E95D0500573FAA /* SearchSuggestView.swift */; };
		6CF2615529E83A16003D1CBC /* Amazon_CloneApp.swift in Sources */ = {isa = PBXBuildFile; fileRef = 6CF2615429E83A16003D1CBC /* Amazon_CloneApp.swift */; };
		6CF2615729E83A16003D1CBC /* ContentView.swift in Sources */ = {isa = PBXBuildFile; fileRef = 6CF2615629E83A16003D1CBC /* ContentView.swift */; };
		6CF2615929E83A17003D1CBC /* Assets.xcassets in Resources */ = {isa = PBXBuildFile; fileRef = 6CF2615829E83A17003D1CBC /* Assets.xcassets */; };
		6CF2615C29E83A17003D1CBC /* Preview Assets.xcassets in Resources */ = {isa = PBXBuildFile; fileRef = 6CF2615B29E83A17003D1CBC /* Preview Assets.xcassets */; };
		6CF2615E29E83A17003D1CBC /* Persistence.swift in Sources */ = {isa = PBXBuildFile; fileRef = 6CF2615D29E83A17003D1CBC /* Persistence.swift */; };
		6CF2616129E83A17003D1CBC /* Amazon_Clone.xcdatamodeld in Sources */ = {isa = PBXBuildFile; fileRef = 6CF2615F29E83A17003D1CBC /* Amazon_Clone.xcdatamodeld */; };
		6CF2616E29E83BE4003D1CBC /* MainView.swift in Sources */ = {isa = PBXBuildFile; fileRef = 6CF2616D29E83BE4003D1CBC /* MainView.swift */; };
		6CF2617029E84900003D1CBC /* MainVM.swift in Sources */ = {isa = PBXBuildFile; fileRef = 6CF2616F29E84900003D1CBC /* MainVM.swift */; };
/* End PBXBuildFile section */

/* Begin PBXFileReference section */
		6C17AE9729E96C74003EF149 /* LocationArea.swift */ = {isa = PBXFileReference; lastKnownFileType = sourcecode.swift; path = LocationArea.swift; sourceTree = "<group>"; };
		6C17AE9929E97AC9003EF149 /* RoundedRectTabView.swift */ = {isa = PBXFileReference; lastKnownFileType = sourcecode.swift; path = RoundedRectTabView.swift; sourceTree = "<group>"; };
		6C4FD91F29E9A50500C48C7C /* TabView.swift */ = {isa = PBXFileReference; lastKnownFileType = sourcecode.swift; path = TabView.swift; sourceTree = "<group>"; };
		6C4FD92129E9AF8600C48C7C /* SlidingImagesView.swift */ = {isa = PBXFileReference; lastKnownFileType = sourcecode.swift; path = SlidingImagesView.swift; sourceTree = "<group>"; };
		6C4FD92329E9B44000C48C7C /* DiscoverImagesView.swift */ = {isa = PBXFileReference; lastKnownFileType = sourcecode.swift; path = DiscoverImagesView.swift; sourceTree = "<group>"; };
		6C67651329E95CC900573FAA /* MainHeaderView.swift */ = {isa = PBXFileReference; lastKnownFileType = sourcecode.swift; path = MainHeaderView.swift; sourceTree = "<group>"; };
		6C67651529E95D0500573FAA /* SearchSuggestView.swift */ = {isa = PBXFileReference; lastKnownFileType = sourcecode.swift; path = SearchSuggestView.swift; sourceTree = "<group>"; };
		6CF2615129E83A16003D1CBC /* Amazon Clone.app */ = {isa = PBXFileReference; explicitFileType = wrapper.application; includeInIndex = 0; path = "Amazon Clone.app"; sourceTree = BUILT_PRODUCTS_DIR; };
		6CF2615429E83A16003D1CBC /* Amazon_CloneApp.swift */ = {isa = PBXFileReference; lastKnownFileType = sourcecode.swift; path = Amazon_CloneApp.swift; sourceTree = "<group>"; };
		6CF2615629E83A16003D1CBC /* ContentView.swift */ = {isa = PBXFileReference; lastKnownFileType = sourcecode.swift; path = ContentView.swift; sourceTree = "<group>"; };
		6CF2615829E83A17003D1CBC /* Assets.xcassets */ = {isa = PBXFileReference; lastKnownFileType = folder.assetcatalog; path = Assets.xcassets; sourceTree = "<group>"; };
		6CF2615B29E83A17003D1CBC /* Preview Assets.xcassets */ = {isa = PBXFileReference; lastKnownFileType = folder.assetcatalog; path = "Preview Assets.xcassets"; sourceTree = "<group>"; };
		6CF2615D29E83A17003D1CBC /* Persistence.swift */ = {isa = PBXFileReference; lastKnownFileType = sourcecode.swift; path = Persistence.swift; sourceTree = "<group>"; };
		6CF2616029E83A17003D1CBC /* Amazon_Clone.xcdatamodel */ = {isa = PBXFileReference; lastKnownFileType = wrapper.xcdatamodel; path = Amazon_Clone.xcdatamodel; sourceTree = "<group>"; };
		6CF2616229E83A17003D1CBC /* Info.plist */ = {isa = PBXFileReference; lastKnownFileType = text.plist.xml; path = Info.plist; sourceTree = "<group>"; };
		6CF2616D29E83BE4003D1CBC /* MainView.swift */ = {isa = PBXFileReference; lastKnownFileType = sourcecode.swift; path = MainView.swift; sourceTree = "<group>"; };
		6CF2616F29E84900003D1CBC /* MainVM.swift */ = {isa = PBXFileReference; lastKnownFileType = sourcecode.swift; path = MainVM.swift; sourceTree = "<group>"; };
/* End PBXFileReference section */

/* Begin PBXFrameworksBuildPhase section */
		6CF2614E29E83A16003D1CBC /* Frameworks */ = {
			isa = PBXFrameworksBuildPhase;
			buildActionMask = 2147483647;
			files = (
			);
			runOnlyForDeploymentPostprocessing = 0;
		};
/* End PBXFrameworksBuildPhase section */

/* Begin PBXGroup section */
		6CF2614829E83A16003D1CBC = {
			isa = PBXGroup;
			children = (
				6CF2615329E83A16003D1CBC /* Amazon Clone */,
				6CF2615229E83A16003D1CBC /* Products */,
			);
			sourceTree = "<group>";
		};
		6CF2615229E83A16003D1CBC /* Products */ = {
			isa = PBXGroup;
			children = (
				6CF2615129E83A16003D1CBC /* Amazon Clone.app */,
			);
			name = Products;
			sourceTree = "<group>";
		};
		6CF2615329E83A16003D1CBC /* Amazon Clone */ = {
			isa = PBXGroup;
			children = (
				6CF2616A29E83BA0003D1CBC /* App */,
				6CF2616929E83B9A003D1CBC /* SubViews */,
				6CF2616829E83B95003D1CBC /* ViewModel */,
				6CF2615629E83A16003D1CBC /* ContentView.swift */,
				6CF2615829E83A17003D1CBC /* Assets.xcassets */,
				6CF2615D29E83A17003D1CBC /* Persistence.swift */,
				6CF2616229E83A17003D1CBC /* Info.plist */,
				6CF2615F29E83A17003D1CBC /* Amazon_Clone.xcdatamodeld */,
				6CF2615A29E83A17003D1CBC /* Preview Content */,
			);
			path = "Amazon Clone";
			sourceTree = "<group>";
		};
		6CF2615A29E83A17003D1CBC /* Preview Content */ = {
			isa = PBXGroup;
			children = (
				6CF2615B29E83A17003D1CBC /* Preview Assets.xcassets */,
			);
			path = "Preview Content";
			sourceTree = "<group>";
		};
		6CF2616829E83B95003D1CBC /* ViewModel */ = {
			isa = PBXGroup;
			children = (
				6CF2616F29E84900003D1CBC /* MainVM.swift */,
			);
			path = ViewModel;
			sourceTree = "<group>";
		};
		6CF2616929E83B9A003D1CBC /* SubViews */ = {
			isa = PBXGroup;
			children = (
				6C67651329E95CC900573FAA /* MainHeaderView.swift */,
				6C67651529E95D0500573FAA /* SearchSuggestView.swift */,
				6C17AE9729E96C74003EF149 /* LocationArea.swift */,
				6C4FD91F29E9A50500C48C7C /* TabView.swift */,
				6C4FD92129E9AF8600C48C7C /* SlidingImagesView.swift */,
				6C4FD92329E9B44000C48C7C /* DiscoverImagesView.swift */,
			);
			path = SubViews;
			sourceTree = "<group>";
		};
		6CF2616A29E83BA0003D1CBC /* App */ = {
			isa = PBXGroup;
			children = (
				6CF2615429E83A16003D1CBC /* Amazon_CloneApp.swift */,
				6CF2616D29E83BE4003D1CBC /* MainView.swift */,
				6C17AE9929E97AC9003EF149 /* RoundedRectTabView.swift */,
			);
			path = App;
			sourceTree = "<group>";
		};
/* End PBXGroup section */

/* Begin PBXNativeTarget section */
		6CF2615029E83A16003D1CBC /* Amazon Clone */ = {
			isa = PBXNativeTarget;
			buildConfigurationList = 6CF2616529E83A17003D1CBC /* Build configuration list for PBXNativeTarget "Amazon Clone" */;
			buildPhases = (
				6CF2614D29E83A16003D1CBC /* Sources */,
				6CF2614E29E83A16003D1CBC /* Frameworks */,
				6CF2614F29E83A16003D1CBC /* Resources */,
			);
			buildRules = (
			);
			dependencies = (
			);
			name = "Amazon Clone";
			productName = "Amazon Clone";
			productReference = 6CF2615129E83A16003D1CBC /* Amazon Clone.app */;
			productType = "com.apple.product-type.application";
		};
/* End PBXNativeTarget section */

/* Begin PBXProject section */
		6CF2614929E83A16003D1CBC /* Project object */ = {
			isa = PBXProject;
			attributes = {
				BuildIndependentTargetsInParallel = 1;
				LastSwiftUpdateCheck = 1430;
				LastUpgradeCheck = 1430;
				TargetAttributes = {
					6CF2615029E83A16003D1CBC = {
						CreatedOnToolsVersion = 14.3;
					};
				};
			};
			buildConfigurationList = 6CF2614C29E83A16003D1CBC /* Build configuration list for PBXProject "Amazon Clone" */;
			compatibilityVersion = "Xcode 14.0";
			developmentRegion = en;
			hasScannedForEncodings = 0;
			knownRegions = (
				en,
				Base,
			);
			mainGroup = 6CF2614829E83A16003D1CBC;
			productRefGroup = 6CF2615229E83A16003D1CBC /* Products */;
			projectDirPath = "";
			projectRoot = "";
			targets = (
				6CF2615029E83A16003D1CBC /* Amazon Clone */,
			);
		};
/* End PBXProject section */

/* Begin PBXResourcesBuildPhase section */
		6CF2614F29E83A16003D1CBC /* Resources */ = {
			isa = PBXResourcesBuildPhase;
			buildActionMask = 2147483647;
			files = (
				6CF2615C29E83A17003D1CBC /* Preview Assets.xcassets in Resources */,
				6CF2615929E83A17003D1CBC /* Assets.xcassets in Resources */,
			);
			runOnlyForDeploymentPostprocessing = 0;
		};
/* End PBXResourcesBuildPhase section */

/* Begin PBXSourcesBuildPhase section */
		6CF2614D29E83A16003D1CBC /* Sources */ = {
			isa = PBXSourcesBuildPhase;
			buildActionMask = 2147483647;
			files = (
				6C4FD92429E9B44000C48C7C /* DiscoverImagesView.swift in Sources */,
				6C4FD92029E9A50500C48C7C /* TabView.swift in Sources */,
				6C4FD92229E9AF8600C48C7C /* SlidingImagesView.swift in Sources */,
				6C17AE9A29E97AC9003EF149 /* RoundedRectTabView.swift in Sources */,
				6CF2615E29E83A17003D1CBC /* Persistence.swift in Sources */,
				6CF2617029E84900003D1CBC /* MainVM.swift in Sources */,
				6C67651429E95CC900573FAA /* MainHeaderView.swift in Sources */,
				6CF2615729E83A16003D1CBC /* ContentView.swift in Sources */,
				6CF2615529E83A16003D1CBC /* Amazon_CloneApp.swift in Sources */,
				6C67651629E95D0500573FAA /* SearchSuggestView.swift in Sources */,
				6CF2616E29E83BE4003D1CBC /* MainView.swift in Sources */,
				6C17AE9829E96C74003EF149 /* LocationArea.swift in Sources */,
				6CF2616129E83A17003D1CBC /* Amazon_Clone.xcdatamodeld in Sources */,
			);
			runOnlyForDeploymentPostprocessing = 0;
		};
/* End PBXSourcesBuildPhase section */

/* Begin XCBuildConfiguration section */
		6CF2616329E83A17003D1CBC /* Debug */ = {
			isa = XCBuildConfiguration;
			buildSettings = {
				ALWAYS_SEARCH_USER_PATHS = NO;
				CLANG_ANALYZER_NONNULL = YES;
				CLANG_ANALYZER_NUMBER_OBJECT_CONVERSION = YES_AGGRESSIVE;
				CLANG_CXX_LANGUAGE_STANDARD = "gnu++20";
				CLANG_ENABLE_MODULES = YES;
				CLANG_ENABLE_OBJC_ARC = YES;
				CLANG_ENABLE_OBJC_WEAK = YES;
				CLANG_WARN_BLOCK_CAPTURE_AUTORELEASING = YES;
				CLANG_WARN_BOOL_CONVERSION = YES;
				CLANG_WARN_COMMA = YES;
				CLANG_WARN_CONSTANT_CONVERSION = YES;
				CLANG_WARN_DEPRECATED_OBJC_IMPLEMENTATIONS = YES;
				CLANG_WARN_DIRECT_OBJC_ISA_USAGE = YES_ERROR;
				CLANG_WARN_DOCUMENTATION_COMMENTS = YES;
				CLANG_WARN_EMPTY_BODY = YES;
				CLANG_WARN_ENUM_CONVERSION = YES;
				CLANG_WARN_INFINITE_RECURSION = YES;
				CLANG_WARN_INT_CONVERSION = YES;
				CLANG_WARN_NON_LITERAL_NULL_CONVERSION = YES;
				CLANG_WARN_OBJC_IMPLICIT_RETAIN_SELF = YES;
				CLANG_WARN_OBJC_LITERAL_CONVERSION = YES;
				CLANG_WARN_OBJC_ROOT_CLASS = YES_ERROR;
				CLANG_WARN_QUOTED_INCLUDE_IN_FRAMEWORK_HEADER = YES;
				CLANG_WARN_RANGE_LOOP_ANALYSIS = YES;
				CLANG_WARN_STRICT_PROTOTYPES = YES;
				CLANG_WARN_SUSPICIOUS_MOVE = YES;
				CLANG_WARN_UNGUARDED_AVAILABILITY = YES_AGGRESSIVE;
				CLANG_WARN_UNREACHABLE_CODE = YES;
				CLANG_WARN__DUPLICATE_METHOD_MATCH = YES;
				COPY_PHASE_STRIP = NO;
				DEBUG_INFORMATION_FORMAT = dwarf;
				ENABLE_STRICT_OBJC_MSGSEND = YES;
				ENABLE_TESTABILITY = YES;
				GCC_C_LANGUAGE_STANDARD = gnu11;
				GCC_DYNAMIC_NO_PIC = NO;
				GCC_NO_COMMON_BLOCKS = YES;
				GCC_OPTIMIZATION_LEVEL = 0;
				GCC_PREPROCESSOR_DEFINITIONS = (
					"DEBUG=1",
					"$(inherited)",
				);
				GCC_WARN_64_TO_32_BIT_CONVERSION = YES;
				GCC_WARN_ABOUT_RETURN_TYPE = YES_ERROR;
				GCC_WARN_UNDECLARED_SELECTOR = YES;
				GCC_WARN_UNINITIALIZED_AUTOS = YES_AGGRESSIVE;
				GCC_WARN_UNUSED_FUNCTION = YES;
				GCC_WARN_UNUSED_VARIABLE = YES;
				IPHONEOS_DEPLOYMENT_TARGET = 16.4;
				MTL_ENABLE_DEBUG_INFO = INCLUDE_SOURCE;
				MTL_FAST_MATH = YES;
				ONLY_ACTIVE_ARCH = YES;
				SDKROOT = iphoneos;
				SWIFT_ACTIVE_COMPILATION_CONDITIONS = DEBUG;
				SWIFT_OPTIMIZATION_LEVEL = "-Onone";
			};
			name = Debug;
		};
		6CF2616429E83A17003D1CBC /* Release */ = {
			isa = XCBuildConfiguration;
			buildSettings = {
				ALWAYS_SEARCH_USER_PATHS = NO;
				CLANG_ANALYZER_NONNULL = YES;
				CLANG_ANALYZER_NUMBER_OBJECT_CONVERSION = YES_AGGRESSIVE;
				CLANG_CXX_LANGUAGE_STANDARD = "gnu++20";
				CLANG_ENABLE_MODULES = YES;
				CLANG_ENABLE_OBJC_ARC = YES;
				CLANG_ENABLE_OBJC_WEAK = YES;
				CLANG_WARN_BLOCK_CAPTURE_AUTORELEASING = YES;
				CLANG_WARN_BOOL_CONVERSION = YES;
				CLANG_WARN_COMMA = YES;
				CLANG_WARN_CONSTANT_CONVERSION = YES;
				CLANG_WARN_DEPRECATED_OBJC_IMPLEMENTATIONS = YES;
				CLANG_WARN_DIRECT_OBJC_ISA_USAGE = YES_ERROR;
				CLANG_WARN_DOCUMENTATION_COMMENTS = YES;
				CLANG_WARN_EMPTY_BODY = YES;
				CLANG_WARN_ENUM_CONVERSION = YES;
				CLANG_WARN_INFINITE_RECURSION = YES;
				CLANG_WARN_INT_CONVERSION = YES;
				CLANG_WARN_NON_LITERAL_NULL_CONVERSION = YES;
				CLANG_WARN_OBJC_IMPLICIT_RETAIN_SELF = YES;
				CLANG_WARN_OBJC_LITERAL_CONVERSION = YES;
				CLANG_WARN_OBJC_ROOT_CLASS = YES_ERROR;
				CLANG_WARN_QUOTED_INCLUDE_IN_FRAMEWORK_HEADER = YES;
				CLANG_WARN_RANGE_LOOP_ANALYSIS = YES;
				CLANG_WARN_STRICT_PROTOTYPES = YES;
				CLANG_WARN_SUSPICIOUS_MOVE = YES;
				CLANG_WARN_UNGUARDED_AVAILABILITY = YES_AGGRESSIVE;
				CLANG_WARN_UNREACHABLE_CODE = YES;
				CLANG_WARN__DUPLICATE_METHOD_MATCH = YES;
				COPY_PHASE_STRIP = NO;
				DEBUG_INFORMATION_FORMAT = "dwarf-with-dsym";
				ENABLE_NS_ASSERTIONS = NO;
				ENABLE_STRICT_OBJC_MSGSEND = YES;
				GCC_C_LANGUAGE_STANDARD = gnu11;
				GCC_NO_COMMON_BLOCKS = YES;
				GCC_WARN_64_TO_32_BIT_CONVERSION = YES;
				GCC_WARN_ABOUT_RETURN_TYPE = YES_ERROR;
				GCC_WARN_UNDECLARED_SELECTOR = YES;
				GCC_WARN_UNINITIALIZED_AUTOS = YES_AGGRESSIVE;
				GCC_WARN_UNUSED_FUNCTION = YES;
				GCC_WARN_UNUSED_VARIABLE = YES;
				IPHONEOS_DEPLOYMENT_TARGET = 16.4;
				MTL_ENABLE_DEBUG_INFO = NO;
				MTL_FAST_MATH = YES;
				SDKROOT = iphoneos;
				SWIFT_COMPILATION_MODE = wholemodule;
				SWIFT_OPTIMIZATION_LEVEL = "-O";
				VALIDATE_PRODUCT = YES;
			};
			name = Release;
		};
		6CF2616629E83A17003D1CBC /* Debug */ = {
			isa = XCBuildConfiguration;
			buildSettings = {
				ASSETCATALOG_COMPILER_APPICON_NAME = AppIcon;
				ASSETCATALOG_COMPILER_GLOBAL_ACCENT_COLOR_NAME = AccentColor;
				CODE_SIGN_STYLE = Automatic;
				CURRENT_PROJECT_VERSION = 1;
				DEVELOPMENT_ASSET_PATHS = "\"Amazon Clone/Preview Content\"";
				DEVELOPMENT_TEAM = KC9Z5ZJF65;
				ENABLE_PREVIEWS = YES;
				GENERATE_INFOPLIST_FILE = YES;
				INFOPLIST_KEY_UIApplicationSceneManifest_Generation = YES;
				INFOPLIST_KEY_UIApplicationSupportsIndirectInputEvents = YES;
				INFOPLIST_KEY_UILaunchScreen_Generation = YES;
				INFOPLIST_KEY_UISupportedInterfaceOrientations_iPad = "UIInterfaceOrientationPortrait UIInterfaceOrientationPortraitUpsideDown UIInterfaceOrientationLandscapeLeft UIInterfaceOrientationLandscapeRight";
				INFOPLIST_KEY_UISupportedInterfaceOrientations_iPhone = "UIInterfaceOrientationPortrait UIInterfaceOrientationLandscapeLeft UIInterfaceOrientationLandscapeRight";
				LD_RUNPATH_SEARCH_PATHS = (
					"$(inherited)",
					"@executable_path/Frameworks",
				);
				MARKETING_VERSION = 1.0;
				PRODUCT_BUNDLE_IDENTIFIER = "com.404ibra.Amazon-Clone";
				PRODUCT_NAME = "$(TARGET_NAME)";
				SWIFT_EMIT_LOC_STRINGS = YES;
				SWIFT_VERSION = 5.0;
				TARGETED_DEVICE_FAMILY = "1,2";
			};
			name = Debug;
		};
		6CF2616729E83A17003D1CBC /* Release */ = {
			isa = XCBuildConfiguration;
			buildSettings = {
				ASSETCATALOG_COMPILER_APPICON_NAME = AppIcon;
				ASSETCATALOG_COMPILER_GLOBAL_ACCENT_COLOR_NAME = AccentColor;
				CODE_SIGN_STYLE = Automatic;
				CURRENT_PROJECT_VERSION = 1;
				DEVELOPMENT_ASSET_PATHS = "\"Amazon Clone/Preview Content\"";
				DEVELOPMENT_TEAM = KC9Z5ZJF65;
				ENABLE_PREVIEWS = YES;
				GENERATE_INFOPLIST_FILE = YES;
				INFOPLIST_KEY_UIApplicationSceneManifest_Generation = YES;
				INFOPLIST_KEY_UIApplicationSupportsIndirectInputEvents = YES;
				INFOPLIST_KEY_UILaunchScreen_Generation = YES;
				INFOPLIST_KEY_UISupportedInterfaceOrientations_iPad = "UIInterfaceOrientationPortrait UIInterfaceOrientationPortraitUpsideDown UIInterfaceOrientationLandscapeLeft UIInterfaceOrientationLandscapeRight";
				INFOPLIST_KEY_UISupportedInterfaceOrientations_iPhone = "UIInterfaceOrientationPortrait UIInterfaceOrientationLandscapeLeft UIInterfaceOrientationLandscapeRight";
				LD_RUNPATH_SEARCH_PATHS = (
					"$(inherited)",
					"@executable_path/Frameworks",
				);
				MARKETING_VERSION = 1.0;
				PRODUCT_BUNDLE_IDENTIFIER = "com.404ibra.Amazon-Clone";
				PRODUCT_NAME = "$(TARGET_NAME)";
				SWIFT_EMIT_LOC_STRINGS = YES;
				SWIFT_VERSION = 5.0;
				TARGETED_DEVICE_FAMILY = "1,2";
			};
			name = Release;
		};
/* End XCBuildConfiguration section */

/* Begin XCConfigurationList section */
		6CF2614C29E83A16003D1CBC /* Build configuration list for PBXProject "Amazon Clone" */ = {
			isa = XCConfigurationList;
			buildConfigurations = (
				6CF2616329E83A17003D1CBC /* Debug */,
				6CF2616429E83A17003D1CBC /* Release */,
			);
			defaultConfigurationIsVisible = 0;
			defaultConfigurationName = Release;
		};
		6CF2616529E83A17003D1CBC /* Build configuration list for PBXNativeTarget "Amazon Clone" */ = {
			isa = XCConfigurationList;
			buildConfigurations = (
				6CF2616629E83A17003D1CBC /* Debug */,
				6CF2616729E83A17003D1CBC /* Release */,
			);
			defaultConfigurationIsVisible = 0;
			defaultConfigurationName = Release;
		};
/* End XCConfigurationList section */

/* Begin XCVersionGroup section */
		6CF2615F29E83A17003D1CBC /* Amazon_Clone.xcdatamodeld */ = {
			isa = XCVersionGroup;
			children = (
				6CF2616029E83A17003D1CBC /* Amazon_Clone.xcdatamodel */,
			);
			currentVersion = 6CF2616029E83A17003D1CBC /* Amazon_Clone.xcdatamodel */;
			path = Amazon_Clone.xcdatamodeld;
			sourceTree = "<group>";
			versionGroupType = wrapper.xcdatamodel;
		};
/* End XCVersionGroup section */
	};
	rootObject = 6CF2614929E83A16003D1CBC /* Project object */;
}
